
Microsoft Visual Studio Solution File, Format Version 12.00
Project("{FAE04EC0-301F-11D3-BF4B-00C04F79EFBC}") = "Screensaver", "Screensaver\Screensaver.csproj", "{CEB35309-9A83-47CE-A4D4-C76E8C498BA3}"
EndProject
Global
	GlobalSection(SolutionConfigurationPlatforms) = preSolution
		Debug|Any CPU = Debug|Any CPU
		Release|Any CPU = Release|Any CPU
	EndGlobalSection
	GlobalSection(ProjectConfigurationPlatforms) = postSolution
		{CEB35309-9A83-47CE-A4D4-C76E8C498BA3}.Debug|Any CPU.ActiveCfg = Debug|Any CPU
		{CEB35309-9A83-47CE-A4D4-C76E8C498BA3}.Debug|Any CPU.Build.0 = Debug|Any CPU
		{CEB35309-9A83-47CE-A4D4-C76E8C498BA3}.Release|Any CPU.ActiveCfg = Release|Any CPU
		{CEB35309-9A83-47CE-A4D4-C76E8C498BA3}.Release|Any CPU.Build.0 = Release|Any CPU
	EndGlobalSection
EndGlobal
