Microsoft Visual Studio Solution File, Format Version 12.00
# Visual Studio Version 17
VisualStudioVersion = 17.5.2.0
MinimumVisualStudioVersion = 10.0.40219.1
Project("{FAE04EC0-301F-11D3-BF4B-00C04F79EFBC}") = "Screensaver", "Screensaver.csproj", "{4CC98FB1-B13A-797D-DC8C-62A930FBC16C}"
EndProject
Global
	GlobalSection(SolutionConfigurationPlatforms) = preSolution
		Debug|Any CPU = Debug|Any CPU
		Release|Any CPU = Release|Any CPU
	EndGlobalSection
	GlobalSection(ProjectConfigurationPlatforms) = postSolution
		{4CC98FB1-B13A-797D-DC8C-62A930FBC16C}.Debug|Any CPU.ActiveCfg = Debug|Any CPU
		{4CC98FB1-B13A-797D-DC8C-62A930FBC16C}.Debug|Any CPU.Build.0 = Debug|Any CPU
		{4CC98FB1-B13A-797D-DC8C-62A930FBC16C}.Release|Any CPU.ActiveCfg = Release|Any CPU
		{4CC98FB1-B13A-797D-DC8C-62A930FBC16C}.Release|Any CPU.Build.0 = Release|Any CPU
	EndGlobalSection
	GlobalSection(SolutionProperties) = preSolution
		HideSolutionNode = FALSE
	EndGlobalSection
	GlobalSection(ExtensibilityGlobals) = postSolution
		SolutionGuid = {FA9197EA-6D6F-4A85-9E61-7560B9576BC1}
	EndGlobalSection
EndGlobal
